
Microsoft Visual Studio Solution File, Format Version 12.00
# Visual Studio Version 16
VisualStudioVersion = 16.0.30309.148
MinimumVisualStudioVersion = 10.0.40219.1
Project("{FAE04EC0-301F-11D3-BF4B-00C04F79EFBC}") = "ConsoleAppdata", "ConsoleAppdata\ConsoleAppdata.csproj", "{4684BC75-7B56-4306-9838-3DF725853E86}"
EndProject
Global
	GlobalSection(SolutionConfigurationPlatforms) = preSolution
		Debug|Any CPU = Debug|Any CPU
		Release|Any CPU = Release|Any CPU
	EndGlobalSection
	GlobalSection(ProjectConfigurationPlatforms) = postSolution
		{4684BC75-7B56-4306-9838-3DF725853E86}.Debug|Any CPU.ActiveCfg = Debug|Any CPU
		{4684BC75-7B56-4306-9838-3DF725853E86}.Debug|Any CPU.Build.0 = Debug|Any CPU
		{4684BC75-7B56-4306-9838-3DF725853E86}.Release|Any CPU.ActiveCfg = Release|Any CPU
		{4684BC75-7B56-4306-9838-3DF725853E86}.Release|Any CPU.Build.0 = Release|Any CPU
	EndGlobalSection
	GlobalSection(SolutionProperties) = preSolution
		HideSolutionNode = FALSE
	EndGlobalSection
	GlobalSection(ExtensibilityGlobals) = postSolution
		SolutionGuid = {771166B5-4BE9-4544-8433-5D4EAAC090F9}
	EndGlobalSection
EndGlobal
